// !$*UTF8*$!
{
	archiveVersion = 1;
	classes = {
	};
	objectVersion = 50;
	objects = {

/* Begin PBXBuildFile section */
		6501B094237B459800D26793 /* EventVC.swift in Sources */ = {isa = PBXBuildFile; fileRef = 6501B093237B459800D26793 /* EventVC.swift */; };
		651286F02370ADAC004D8FC4 /* CustomTabBar.swift in Sources */ = {isa = PBXBuildFile; fileRef = 651286EF2370ADAC004D8FC4 /* CustomTabBar.swift */; };
		6530EA892375FBCF00DA28F2 /* TopBarView.swift in Sources */ = {isa = PBXBuildFile; fileRef = 6530EA882375FBCF00DA28F2 /* TopBarView.swift */; };
		653A6B66237351E200C567CD /* ChooseUniView.swift in Sources */ = {isa = PBXBuildFile; fileRef = 653A6B65237351E200C567CD /* ChooseUniView.swift */; };
		655B65AB237343ED001929B9 /* TabBarVC.swift in Sources */ = {isa = PBXBuildFile; fileRef = 655B65AA237343ED001929B9 /* TabBarVC.swift */; };
		655B65AD23734504001929B9 /* WelcomeVC.swift in Sources */ = {isa = PBXBuildFile; fileRef = 655B65AC23734504001929B9 /* WelcomeVC.swift */; };
		655B65B0237349F9001929B9 /* BonvenoCF-Light.otf in Resources */ = {isa = PBXBuildFile; fileRef = 655B65AF237349F9001929B9 /* BonvenoCF-Light.otf */; };
		65663F2D238314750055055D /* EventsManager.swift in Sources */ = {isa = PBXBuildFile; fileRef = 65663F2C238314750055055D /* EventsManager.swift */; };
		6583CCA6239254270050C641 /* Map.swift in Sources */ = {isa = PBXBuildFile; fileRef = 6583CCA5239254270050C641 /* Map.swift */; };
		6583CCA82392565F0050C641 /* Connectable.swift in Sources */ = {isa = PBXBuildFile; fileRef = 6583CCA72392565F0050C641 /* Connectable.swift */; };
		6583CCAA239258390050C641 /* Location.swift in Sources */ = {isa = PBXBuildFile; fileRef = 6583CCA9239258380050C641 /* Location.swift */; };
		65847F1F2348B91200237D16 /* CampusOverlay.swift in Sources */ = {isa = PBXBuildFile; fileRef = 65847F1E2348B91200237D16 /* CampusOverlay.swift */; };
		65847F212348B98400237D16 /* CampusOverlayView.swift in Sources */ = {isa = PBXBuildFile; fileRef = 65847F202348B98400237D16 /* CampusOverlayView.swift */; };
		65847F252348E2EB00237D16 /* SearchBarView.swift in Sources */ = {isa = PBXBuildFile; fileRef = 65847F242348E2EB00237D16 /* SearchBarView.swift */; };
		65865D6B2343D37D0019A5A5 /* AppDelegate.swift in Sources */ = {isa = PBXBuildFile; fileRef = 65865D6A2343D37D0019A5A5 /* AppDelegate.swift */; };
		65865D6D2343D37D0019A5A5 /* SceneDelegate.swift in Sources */ = {isa = PBXBuildFile; fileRef = 65865D6C2343D37D0019A5A5 /* SceneDelegate.swift */; };
		65865D6F2343D37D0019A5A5 /* MapVC.swift in Sources */ = {isa = PBXBuildFile; fileRef = 65865D6E2343D37D0019A5A5 /* MapVC.swift */; };
		65865D722343D37D0019A5A5 /* Main.storyboard in Resources */ = {isa = PBXBuildFile; fileRef = 65865D702343D37D0019A5A5 /* Main.storyboard */; };
		65865D742343D37E0019A5A5 /* Assets.xcassets in Resources */ = {isa = PBXBuildFile; fileRef = 65865D732343D37E0019A5A5 /* Assets.xcassets */; };
		65865D772343D37E0019A5A5 /* LaunchScreen.storyboard in Resources */ = {isa = PBXBuildFile; fileRef = 65865D752343D37E0019A5A5 /* LaunchScreen.storyboard */; };
		65A7A89C2378499F00C66DE9 /* LocationTextField.swift in Sources */ = {isa = PBXBuildFile; fileRef = 65A7A89B2378499F00C66DE9 /* LocationTextField.swift */; };
		65A7A8A0237853D200C66DE9 /* LocationSelectionVC.swift in Sources */ = {isa = PBXBuildFile; fileRef = 65A7A89F237853D200C66DE9 /* LocationSelectionVC.swift */; };
		65A7A8A223785E3B00C66DE9 /* LocationCell.swift in Sources */ = {isa = PBXBuildFile; fileRef = 65A7A8A123785E3B00C66DE9 /* LocationCell.swift */; };
		65BA0C35237DCD6300C9890F /* DataBaseHandler.swift in Sources */ = {isa = PBXBuildFile; fileRef = 65BA0C34237DCD6300C9890F /* DataBaseHandler.swift */; };
		65BA0C37237DCF2100C9890F /* Event.swift in Sources */ = {isa = PBXBuildFile; fileRef = 65BA0C36237DCF2100C9890F /* Event.swift */; };
		65BA0C39237DD6D200C9890F /* BlurryView.swift in Sources */ = {isa = PBXBuildFile; fileRef = 65BA0C38237DD6D200C9890F /* BlurryView.swift */; };
		65DFC2C0237DC24600249220 /* EventCell.swift in Sources */ = {isa = PBXBuildFile; fileRef = 65DFC2BF237DC24600249220 /* EventCell.swift */; };
		65DFC2C4237DC33A00249220 /* ShadowedRoundedUIViewExtension.swift in Sources */ = {isa = PBXBuildFile; fileRef = 65DFC2C3237DC33A00249220 /* ShadowedRoundedUIViewExtension.swift */; };
/* End PBXBuildFile section */

/* Begin PBXFileReference section */
		6501B093237B459800D26793 /* EventVC.swift */ = {isa = PBXFileReference; lastKnownFileType = sourcecode.swift; path = EventVC.swift; sourceTree = "<group>"; };
		651286EF2370ADAC004D8FC4 /* CustomTabBar.swift */ = {isa = PBXFileReference; lastKnownFileType = sourcecode.swift; path = CustomTabBar.swift; sourceTree = "<group>"; };
		6530EA882375FBCF00DA28F2 /* TopBarView.swift */ = {isa = PBXFileReference; lastKnownFileType = sourcecode.swift; path = TopBarView.swift; sourceTree = "<group>"; };
		653A6B65237351E200C567CD /* ChooseUniView.swift */ = {isa = PBXFileReference; lastKnownFileType = sourcecode.swift; path = ChooseUniView.swift; sourceTree = "<group>"; };
		655B65AA237343ED001929B9 /* TabBarVC.swift */ = {isa = PBXFileReference; lastKnownFileType = sourcecode.swift; path = TabBarVC.swift; sourceTree = "<group>"; };
		655B65AC23734504001929B9 /* WelcomeVC.swift */ = {isa = PBXFileReference; lastKnownFileType = sourcecode.swift; path = WelcomeVC.swift; sourceTree = "<group>"; };
		655B65AF237349F9001929B9 /* BonvenoCF-Light.otf */ = {isa = PBXFileReference; lastKnownFileType = file; path = "BonvenoCF-Light.otf"; sourceTree = "<group>"; };
		65663F2C238314750055055D /* EventsManager.swift */ = {isa = PBXFileReference; lastKnownFileType = sourcecode.swift; path = EventsManager.swift; sourceTree = "<group>"; };
		6583CCA5239254270050C641 /* Map.swift */ = {isa = PBXFileReference; lastKnownFileType = sourcecode.swift; path = Map.swift; sourceTree = "<group>"; };
		6583CCA72392565F0050C641 /* Connectable.swift */ = {isa = PBXFileReference; lastKnownFileType = sourcecode.swift; path = Connectable.swift; sourceTree = "<group>"; };
		6583CCA9239258380050C641 /* Location.swift */ = {isa = PBXFileReference; lastKnownFileType = sourcecode.swift; path = Location.swift; sourceTree = "<group>"; };
		65847F1E2348B91200237D16 /* CampusOverlay.swift */ = {isa = PBXFileReference; lastKnownFileType = sourcecode.swift; path = CampusOverlay.swift; sourceTree = "<group>"; };
		65847F202348B98400237D16 /* CampusOverlayView.swift */ = {isa = PBXFileReference; lastKnownFileType = sourcecode.swift; path = CampusOverlayView.swift; sourceTree = "<group>"; };
		65847F242348E2EB00237D16 /* SearchBarView.swift */ = {isa = PBXFileReference; lastKnownFileType = sourcecode.swift; path = SearchBarView.swift; sourceTree = "<group>"; };
		65865D672343D37D0019A5A5 /* Mapversity.app */ = {isa = PBXFileReference; explicitFileType = wrapper.application; includeInIndex = 0; path = Mapversity.app; sourceTree = BUILT_PRODUCTS_DIR; };
		65865D6A2343D37D0019A5A5 /* AppDelegate.swift */ = {isa = PBXFileReference; lastKnownFileType = sourcecode.swift; path = AppDelegate.swift; sourceTree = "<group>"; };
		65865D6C2343D37D0019A5A5 /* SceneDelegate.swift */ = {isa = PBXFileReference; lastKnownFileType = sourcecode.swift; path = SceneDelegate.swift; sourceTree = "<group>"; };
		65865D6E2343D37D0019A5A5 /* MapVC.swift */ = {isa = PBXFileReference; lastKnownFileType = sourcecode.swift; path = MapVC.swift; sourceTree = "<group>"; };
		65865D712343D37D0019A5A5 /* Base */ = {isa = PBXFileReference; lastKnownFileType = file.storyboard; name = Base; path = Base.lproj/Main.storyboard; sourceTree = "<group>"; };
		65865D732343D37E0019A5A5 /* Assets.xcassets */ = {isa = PBXFileReference; lastKnownFileType = folder.assetcatalog; path = Assets.xcassets; sourceTree = "<group>"; };
		65865D762343D37E0019A5A5 /* Base */ = {isa = PBXFileReference; lastKnownFileType = file.storyboard; name = Base; path = Base.lproj/LaunchScreen.storyboard; sourceTree = "<group>"; };
		65865D782343D37E0019A5A5 /* Info.plist */ = {isa = PBXFileReference; lastKnownFileType = text.plist.xml; path = Info.plist; sourceTree = "<group>"; };
		65A7A89B2378499F00C66DE9 /* LocationTextField.swift */ = {isa = PBXFileReference; lastKnownFileType = sourcecode.swift; path = LocationTextField.swift; sourceTree = "<group>"; };
		65A7A89F237853D200C66DE9 /* LocationSelectionVC.swift */ = {isa = PBXFileReference; lastKnownFileType = sourcecode.swift; path = LocationSelectionVC.swift; sourceTree = "<group>"; };
		65A7A8A123785E3B00C66DE9 /* LocationCell.swift */ = {isa = PBXFileReference; lastKnownFileType = sourcecode.swift; path = LocationCell.swift; sourceTree = "<group>"; };
		65BA0C34237DCD6300C9890F /* DataBaseHandler.swift */ = {isa = PBXFileReference; lastKnownFileType = sourcecode.swift; path = DataBaseHandler.swift; sourceTree = "<group>"; };
		65BA0C36237DCF2100C9890F /* Event.swift */ = {isa = PBXFileReference; lastKnownFileType = sourcecode.swift; path = Event.swift; sourceTree = "<group>"; };
		65BA0C38237DD6D200C9890F /* BlurryView.swift */ = {isa = PBXFileReference; lastKnownFileType = sourcecode.swift; path = BlurryView.swift; sourceTree = "<group>"; };
		65DFC2BF237DC24600249220 /* EventCell.swift */ = {isa = PBXFileReference; lastKnownFileType = sourcecode.swift; path = EventCell.swift; sourceTree = "<group>"; };
		65DFC2C3237DC33A00249220 /* ShadowedRoundedUIViewExtension.swift */ = {isa = PBXFileReference; lastKnownFileType = sourcecode.swift; path = ShadowedRoundedUIViewExtension.swift; sourceTree = "<group>"; };
/* End PBXFileReference section */

/* Begin PBXFrameworksBuildPhase section */
		65865D642343D37D0019A5A5 /* Frameworks */ = {
			isa = PBXFrameworksBuildPhase;
			buildActionMask = 2147483647;
			files = (
			);
			runOnlyForDeploymentPostprocessing = 0;
		};
/* End PBXFrameworksBuildPhase section */

/* Begin PBXGroup section */
		655B65AE237349C5001929B9 /* fonts */ = {
			isa = PBXGroup;
			children = (
				655B65AF237349F9001929B9 /* BonvenoCF-Light.otf */,
			);
			path = fonts;
			sourceTree = "<group>";
		};
		656EC07523488AD900E63A40 /* Controllers */ = {
			isa = PBXGroup;
			children = (
				65865D6E2343D37D0019A5A5 /* MapVC.swift */,
				655B65AA237343ED001929B9 /* TabBarVC.swift */,
				655B65AC23734504001929B9 /* WelcomeVC.swift */,
				65A7A89F237853D200C66DE9 /* LocationSelectionVC.swift */,
				6501B093237B459800D26793 /* EventVC.swift */,
			);
			path = Controllers;
			sourceTree = "<group>";
		};
		656EC07623488AEE00E63A40 /* Models */ = {
			isa = PBXGroup;
			children = (
				6583CCAD2392585B0050C641 /* User & Data */,
				6583CCAC2392584D0050C641 /* Navigation */,
				6583CCAB239258430050C641 /* Events */,
			);
			path = Models;
			sourceTree = "<group>";
		};
		656EC07723488AF700E63A40 /* Views */ = {
			isa = PBXGroup;
			children = (
				65DFC2C5237DC53B00249220 /* Extensions */,
				65847F1E2348B91200237D16 /* CampusOverlay.swift */,
				65847F202348B98400237D16 /* CampusOverlayView.swift */,
				65847F242348E2EB00237D16 /* SearchBarView.swift */,
				651286EF2370ADAC004D8FC4 /* CustomTabBar.swift */,
				653A6B65237351E200C567CD /* ChooseUniView.swift */,
				6530EA882375FBCF00DA28F2 /* TopBarView.swift */,
				65A7A89B2378499F00C66DE9 /* LocationTextField.swift */,
				65A7A8A123785E3B00C66DE9 /* LocationCell.swift */,
				65DFC2BF237DC24600249220 /* EventCell.swift */,
				65BA0C38237DD6D200C9890F /* BlurryView.swift */,
			);
			path = Views;
			sourceTree = "<group>";
		};
		6583CCAB239258430050C641 /* Events */ = {
			isa = PBXGroup;
			children = (
				65BA0C36237DCF2100C9890F /* Event.swift */,
				65663F2C238314750055055D /* EventsManager.swift */,
			);
			path = Events;
			sourceTree = "<group>";
		};
		6583CCAC2392584D0050C641 /* Navigation */ = {
			isa = PBXGroup;
			children = (
				6583CCA5239254270050C641 /* Map.swift */,
				6583CCA9239258380050C641 /* Location.swift */,
				6583CCA72392565F0050C641 /* Connectable.swift */,
			);
			path = Navigation;
			sourceTree = "<group>";
		};
		6583CCAD2392585B0050C641 /* User & Data */ = {
			isa = PBXGroup;
			children = (
				65BA0C34237DCD6300C9890F /* DataBaseHandler.swift */,
			);
			path = "User & Data";
			sourceTree = "<group>";
		};
		65865D5E2343D37D0019A5A5 = {
			isa = PBXGroup;
			children = (
				65865D692343D37D0019A5A5 /* test-mapversity */,
				65865D682343D37D0019A5A5 /* Products */,
			);
			sourceTree = "<group>";
		};
		65865D682343D37D0019A5A5 /* Products */ = {
			isa = PBXGroup;
			children = (
				65865D672343D37D0019A5A5 /* Mapversity.app */,
			);
			name = Products;
			sourceTree = "<group>";
		};
		65865D692343D37D0019A5A5 /* test-mapversity */ = {
			isa = PBXGroup;
			children = (
				656EC07723488AF700E63A40 /* Views */,
				656EC07623488AEE00E63A40 /* Models */,
				656EC07523488AD900E63A40 /* Controllers */,
				65865D6A2343D37D0019A5A5 /* AppDelegate.swift */,
				65865D6C2343D37D0019A5A5 /* SceneDelegate.swift */,
				65865D702343D37D0019A5A5 /* Main.storyboard */,
				65865D732343D37E0019A5A5 /* Assets.xcassets */,
				65865D752343D37E0019A5A5 /* LaunchScreen.storyboard */,
				65865D782343D37E0019A5A5 /* Info.plist */,
				655B65AE237349C5001929B9 /* fonts */,
			);
			path = "test-mapversity";
			sourceTree = "<group>";
		};
		65DFC2C5237DC53B00249220 /* Extensions */ = {
			isa = PBXGroup;
			children = (
				65DFC2C3237DC33A00249220 /* ShadowedRoundedUIViewExtension.swift */,
			);
			path = Extensions;
			sourceTree = "<group>";
		};
/* End PBXGroup section */

/* Begin PBXNativeTarget section */
		65865D662343D37D0019A5A5 /* test-mapversity */ = {
			isa = PBXNativeTarget;
			buildConfigurationList = 65865D7B2343D37E0019A5A5 /* Build configuration list for PBXNativeTarget "test-mapversity" */;
			buildPhases = (
				65865D632343D37D0019A5A5 /* Sources */,
				65865D642343D37D0019A5A5 /* Frameworks */,
				65865D652343D37D0019A5A5 /* Resources */,
			);
			buildRules = (
			);
			dependencies = (
			);
			name = "test-mapversity";
			productName = "test-mapversity";
			productReference = 65865D672343D37D0019A5A5 /* Mapversity.app */;
			productType = "com.apple.product-type.application";
		};
/* End PBXNativeTarget section */

/* Begin PBXProject section */
		65865D5F2343D37D0019A5A5 /* Project object */ = {
			isa = PBXProject;
			attributes = {
				LastSwiftUpdateCheck = 1100;
				LastUpgradeCheck = 1100;
				ORGANIZATIONNAME = "Tarlan Ismayilsoy";
				TargetAttributes = {
					65865D662343D37D0019A5A5 = {
						CreatedOnToolsVersion = 11.0;
					};
				};
			};
			buildConfigurationList = 65865D622343D37D0019A5A5 /* Build configuration list for PBXProject "test-mapversity" */;
			compatibilityVersion = "Xcode 9.3";
			developmentRegion = en;
			hasScannedForEncodings = 0;
			knownRegions = (
				en,
				Base,
			);
			mainGroup = 65865D5E2343D37D0019A5A5;
			productRefGroup = 65865D682343D37D0019A5A5 /* Products */;
			projectDirPath = "";
			projectRoot = "";
			targets = (
				65865D662343D37D0019A5A5 /* test-mapversity */,
			);
		};
/* End PBXProject section */

/* Begin PBXResourcesBuildPhase section */
		65865D652343D37D0019A5A5 /* Resources */ = {
			isa = PBXResourcesBuildPhase;
			buildActionMask = 2147483647;
			files = (
				65865D772343D37E0019A5A5 /* LaunchScreen.storyboard in Resources */,
				65865D742343D37E0019A5A5 /* Assets.xcassets in Resources */,
				65865D722343D37D0019A5A5 /* Main.storyboard in Resources */,
				655B65B0237349F9001929B9 /* BonvenoCF-Light.otf in Resources */,
			);
			runOnlyForDeploymentPostprocessing = 0;
		};
/* End PBXResourcesBuildPhase section */

/* Begin PBXSourcesBuildPhase section */
		65865D632343D37D0019A5A5 /* Sources */ = {
			isa = PBXSourcesBuildPhase;
			buildActionMask = 2147483647;
			files = (
				65847F212348B98400237D16 /* CampusOverlayView.swift in Sources */,
				65A7A8A0237853D200C66DE9 /* LocationSelectionVC.swift in Sources */,
				65BA0C39237DD6D200C9890F /* BlurryView.swift in Sources */,
				6501B094237B459800D26793 /* EventVC.swift in Sources */,
				655B65AD23734504001929B9 /* WelcomeVC.swift in Sources */,
				65865D6F2343D37D0019A5A5 /* MapVC.swift in Sources */,
				65A7A8A223785E3B00C66DE9 /* LocationCell.swift in Sources */,
				65BA0C37237DCF2100C9890F /* Event.swift in Sources */,
				653A6B66237351E200C567CD /* ChooseUniView.swift in Sources */,
				65DFC2C4237DC33A00249220 /* ShadowedRoundedUIViewExtension.swift in Sources */,
				6583CCAA239258390050C641 /* Location.swift in Sources */,
				65847F1F2348B91200237D16 /* CampusOverlay.swift in Sources */,
				65BA0C35237DCD6300C9890F /* DataBaseHandler.swift in Sources */,
				6530EA892375FBCF00DA28F2 /* TopBarView.swift in Sources */,
				65847F252348E2EB00237D16 /* SearchBarView.swift in Sources */,
				655B65AB237343ED001929B9 /* TabBarVC.swift in Sources */,
				65663F2D238314750055055D /* EventsManager.swift in Sources */,
				65A7A89C2378499F00C66DE9 /* LocationTextField.swift in Sources */,
				65DFC2C0237DC24600249220 /* EventCell.swift in Sources */,
				6583CCA6239254270050C641 /* Map.swift in Sources */,
				651286F02370ADAC004D8FC4 /* CustomTabBar.swift in Sources */,
				65865D6B2343D37D0019A5A5 /* AppDelegate.swift in Sources */,
				65865D6D2343D37D0019A5A5 /* SceneDelegate.swift in Sources */,
				6583CCA82392565F0050C641 /* Connectable.swift in Sources */,
			);
			runOnlyForDeploymentPostprocessing = 0;
		};
/* End PBXSourcesBuildPhase section */

/* Begin PBXVariantGroup section */
		65865D702343D37D0019A5A5 /* Main.storyboard */ = {
			isa = PBXVariantGroup;
			children = (
				65865D712343D37D0019A5A5 /* Base */,
			);
			name = Main.storyboard;
			sourceTree = "<group>";
		};
		65865D752343D37E0019A5A5 /* LaunchScreen.storyboard */ = {
			isa = PBXVariantGroup;
			children = (
				65865D762343D37E0019A5A5 /* Base */,
			);
			name = LaunchScreen.storyboard;
			sourceTree = "<group>";
		};
/* End PBXVariantGroup section */

/* Begin XCBuildConfiguration section */
		65865D792343D37E0019A5A5 /* Debug */ = {
			isa = XCBuildConfiguration;
			buildSettings = {
				ALWAYS_SEARCH_USER_PATHS = NO;
				CLANG_ANALYZER_NONNULL = YES;
				CLANG_ANALYZER_NUMBER_OBJECT_CONVERSION = YES_AGGRESSIVE;
				CLANG_CXX_LANGUAGE_STANDARD = "gnu++14";
				CLANG_CXX_LIBRARY = "libc++";
				CLANG_ENABLE_MODULES = YES;
				CLANG_ENABLE_OBJC_ARC = YES;
				CLANG_ENABLE_OBJC_WEAK = YES;
				CLANG_WARN_BLOCK_CAPTURE_AUTORELEASING = YES;
				CLANG_WARN_BOOL_CONVERSION = YES;
				CLANG_WARN_COMMA = YES;
				CLANG_WARN_CONSTANT_CONVERSION = YES;
				CLANG_WARN_DEPRECATED_OBJC_IMPLEMENTATIONS = YES;
				CLANG_WARN_DIRECT_OBJC_ISA_USAGE = YES_ERROR;
				CLANG_WARN_DOCUMENTATION_COMMENTS = YES;
				CLANG_WARN_EMPTY_BODY = YES;
				CLANG_WARN_ENUM_CONVERSION = YES;
				CLANG_WARN_INFINITE_RECURSION = YES;
				CLANG_WARN_INT_CONVERSION = YES;
				CLANG_WARN_NON_LITERAL_NULL_CONVERSION = YES;
				CLANG_WARN_OBJC_IMPLICIT_RETAIN_SELF = YES;
				CLANG_WARN_OBJC_LITERAL_CONVERSION = YES;
				CLANG_WARN_OBJC_ROOT_CLASS = YES_ERROR;
				CLANG_WARN_RANGE_LOOP_ANALYSIS = YES;
				CLANG_WARN_STRICT_PROTOTYPES = YES;
				CLANG_WARN_SUSPICIOUS_MOVE = YES;
				CLANG_WARN_UNGUARDED_AVAILABILITY = YES_AGGRESSIVE;
				CLANG_WARN_UNREACHABLE_CODE = YES;
				CLANG_WARN__DUPLICATE_METHOD_MATCH = YES;
				COPY_PHASE_STRIP = NO;
				DEBUG_INFORMATION_FORMAT = dwarf;
				ENABLE_STRICT_OBJC_MSGSEND = YES;
				ENABLE_TESTABILITY = YES;
				GCC_C_LANGUAGE_STANDARD = gnu11;
				GCC_DYNAMIC_NO_PIC = NO;
				GCC_NO_COMMON_BLOCKS = YES;
				GCC_OPTIMIZATION_LEVEL = 0;
				GCC_PREPROCESSOR_DEFINITIONS = (
					"DEBUG=1",
					"$(inherited)",
				);
				GCC_WARN_64_TO_32_BIT_CONVERSION = YES;
				GCC_WARN_ABOUT_RETURN_TYPE = YES_ERROR;
				GCC_WARN_UNDECLARED_SELECTOR = YES;
				GCC_WARN_UNINITIALIZED_AUTOS = YES_AGGRESSIVE;
				GCC_WARN_UNUSED_FUNCTION = YES;
				GCC_WARN_UNUSED_VARIABLE = YES;
				IPHONEOS_DEPLOYMENT_TARGET = 13.0;
				MTL_ENABLE_DEBUG_INFO = INCLUDE_SOURCE;
				MTL_FAST_MATH = YES;
				ONLY_ACTIVE_ARCH = YES;
				SDKROOT = iphoneos;
				SWIFT_ACTIVE_COMPILATION_CONDITIONS = DEBUG;
				SWIFT_OPTIMIZATION_LEVEL = "-Onone";
			};
			name = Debug;
		};
		65865D7A2343D37E0019A5A5 /* Release */ = {
			isa = XCBuildConfiguration;
			buildSettings = {
				ALWAYS_SEARCH_USER_PATHS = NO;
				CLANG_ANALYZER_NONNULL = YES;
				CLANG_ANALYZER_NUMBER_OBJECT_CONVERSION = YES_AGGRESSIVE;
				CLANG_CXX_LANGUAGE_STANDARD = "gnu++14";
				CLANG_CXX_LIBRARY = "libc++";
				CLANG_ENABLE_MODULES = YES;
				CLANG_ENABLE_OBJC_ARC = YES;
				CLANG_ENABLE_OBJC_WEAK = YES;
				CLANG_WARN_BLOCK_CAPTURE_AUTORELEASING = YES;
				CLANG_WARN_BOOL_CONVERSION = YES;
				CLANG_WARN_COMMA = YES;
				CLANG_WARN_CONSTANT_CONVERSION = YES;
				CLANG_WARN_DEPRECATED_OBJC_IMPLEMENTATIONS = YES;
				CLANG_WARN_DIRECT_OBJC_ISA_USAGE = YES_ERROR;
				CLANG_WARN_DOCUMENTATION_COMMENTS = YES;
				CLANG_WARN_EMPTY_BODY = YES;
				CLANG_WARN_ENUM_CONVERSION = YES;
				CLANG_WARN_INFINITE_RECURSION = YES;
				CLANG_WARN_INT_CONVERSION = YES;
				CLANG_WARN_NON_LITERAL_NULL_CONVERSION = YES;
				CLANG_WARN_OBJC_IMPLICIT_RETAIN_SELF = YES;
				CLANG_WARN_OBJC_LITERAL_CONVERSION = YES;
				CLANG_WARN_OBJC_ROOT_CLASS = YES_ERROR;
				CLANG_WARN_RANGE_LOOP_ANALYSIS = YES;
				CLANG_WARN_STRICT_PROTOTYPES = YES;
				CLANG_WARN_SUSPICIOUS_MOVE = YES;
				CLANG_WARN_UNGUARDED_AVAILABILITY = YES_AGGRESSIVE;
				CLANG_WARN_UNREACHABLE_CODE = YES;
				CLANG_WARN__DUPLICATE_METHOD_MATCH = YES;
				COPY_PHASE_STRIP = NO;
				DEBUG_INFORMATION_FORMAT = "dwarf-with-dsym";
				ENABLE_NS_ASSERTIONS = NO;
				ENABLE_STRICT_OBJC_MSGSEND = YES;
				GCC_C_LANGUAGE_STANDARD = gnu11;
				GCC_NO_COMMON_BLOCKS = YES;
				GCC_WARN_64_TO_32_BIT_CONVERSION = YES;
				GCC_WARN_ABOUT_RETURN_TYPE = YES_ERROR;
				GCC_WARN_UNDECLARED_SELECTOR = YES;
				GCC_WARN_UNINITIALIZED_AUTOS = YES_AGGRESSIVE;
				GCC_WARN_UNUSED_FUNCTION = YES;
				GCC_WARN_UNUSED_VARIABLE = YES;
				IPHONEOS_DEPLOYMENT_TARGET = 13.0;
				MTL_ENABLE_DEBUG_INFO = NO;
				MTL_FAST_MATH = YES;
				SDKROOT = iphoneos;
				SWIFT_COMPILATION_MODE = wholemodule;
				SWIFT_OPTIMIZATION_LEVEL = "-O";
				VALIDATE_PRODUCT = YES;
			};
			name = Release;
		};
		65865D7C2343D37E0019A5A5 /* Debug */ = {
			isa = XCBuildConfiguration;
			buildSettings = {
				ASSETCATALOG_COMPILER_APPICON_NAME = AppIcon;
				CODE_SIGN_STYLE = Automatic;
				DEVELOPMENT_TEAM = N422BWS4VH;
				INFOPLIST_FILE = "test-mapversity/Info.plist";
				LD_RUNPATH_SEARCH_PATHS = (
					"$(inherited)",
					"@executable_path/Frameworks",
				);
				PRODUCT_BUNDLE_IDENTIFIER = "tarlan.ismayilsoy.test-mapversity";
				PRODUCT_NAME = Mapversity;
				SWIFT_VERSION = 5.0;
				TARGETED_DEVICE_FAMILY = 1;
			};
			name = Debug;
		};
		65865D7D2343D37E0019A5A5 /* Release */ = {
			isa = XCBuildConfiguration;
			buildSettings = {
				ASSETCATALOG_COMPILER_APPICON_NAME = AppIcon;
				CODE_SIGN_STYLE = Automatic;
				DEVELOPMENT_TEAM = N422BWS4VH;
				INFOPLIST_FILE = "test-mapversity/Info.plist";
				LD_RUNPATH_SEARCH_PATHS = (
					"$(inherited)",
					"@executable_path/Frameworks",
				);
				PRODUCT_BUNDLE_IDENTIFIER = "tarlan.ismayilsoy.test-mapversity";
				PRODUCT_NAME = Mapversity;
				SWIFT_VERSION = 5.0;
				TARGETED_DEVICE_FAMILY = 1;
			};
			name = Release;
		};
/* End XCBuildConfiguration section */

/* Begin XCConfigurationList section */
		65865D622343D37D0019A5A5 /* Build configuration list for PBXProject "test-mapversity" */ = {
			isa = XCConfigurationList;
			buildConfigurations = (
				65865D792343D37E0019A5A5 /* Debug */,
				65865D7A2343D37E0019A5A5 /* Release */,
			);
			defaultConfigurationIsVisible = 0;
			defaultConfigurationName = Release;
		};
		65865D7B2343D37E0019A5A5 /* Build configuration list for PBXNativeTarget "test-mapversity" */ = {
			isa = XCConfigurationList;
			buildConfigurations = (
				65865D7C2343D37E0019A5A5 /* Debug */,
				65865D7D2343D37E0019A5A5 /* Release */,
			);
			defaultConfigurationIsVisible = 0;
			defaultConfigurationName = Release;
		};
/* End XCConfigurationList section */
	};
	rootObject = 65865D5F2343D37D0019A5A5 /* Project object */;
}
